
Microsoft Visual Studio Solution File, Format Version 12.00
# Visual Studio Version 17
VisualStudioVersion = 17.5.002.0
MinimumVisualStudioVersion = 10.0.40219.1
Project("{9A19103F-16F7-4668-BE54-9A1E7A4F7556}") = "tl1-tp7-2024-Isas321", "tl1-tp7-2024-Isas321.csproj", "{CBB47E12-9326-4113-8136-4A15D0769501}"
EndProject
Global
	GlobalSection(SolutionConfigurationPlatforms) = preSolution
		Debug|Any CPU = Debug|Any CPU
		Release|Any CPU = Release|Any CPU
	EndGlobalSection
	GlobalSection(ProjectConfigurationPlatforms) = postSolution
		{CBB47E12-9326-4113-8136-4A15D0769501}.Debug|Any CPU.ActiveCfg = Debug|Any CPU
		{CBB47E12-9326-4113-8136-4A15D0769501}.Debug|Any CPU.Build.0 = Debug|Any CPU
		{CBB47E12-9326-4113-8136-4A15D0769501}.Release|Any CPU.ActiveCfg = Release|Any CPU
		{CBB47E12-9326-4113-8136-4A15D0769501}.Release|Any CPU.Build.0 = Release|Any CPU
	EndGlobalSection
	GlobalSection(SolutionProperties) = preSolution
		HideSolutionNode = FALSE
	EndGlobalSection
	GlobalSection(ExtensibilityGlobals) = postSolution
		SolutionGuid = {5E1B7EFF-1655-4EC1-B36D-4E38633B5DB5}
	EndGlobalSection
EndGlobal
